
Microsoft Visual Studio Solution File, Format Version 12.00
# Visual Studio Version 16
VisualStudioVersion = 16.0.29728.190
MinimumVisualStudioVersion = 10.0.40219.1
Project("{2150E333-8FDC-42A3-9474-1A3956D46DE8}") = "src", "src", "{E762E8DA-87FC-44EC-887D-D297EBA5442A}"
EndProject
Project("{2150E333-8FDC-42A3-9474-1A3956D46DE8}") = "services", "services", "{89E095F4-F60F-42FE-A5F7-86FBA9E169A1}"
EndProject
Project("{2150E333-8FDC-42A3-9474-1A3956D46DE8}") = "web", "web", "{05E5A80C-0529-4559-80DE-200D72934BCC}"
EndProject
Project("{9A19103F-16F7-4668-BE54-9A1E7A4F7556}") = "ProductCatalogApi", "ProductCatalogApi\ProductCatalogApi.csproj", "{6741EEDF-3CC0-4E1E-90AD-E0E97FC1145A}"
EndProject
Project("{E53339B2-1760-4266-BCC7-CA923CBCF16C}") = "docker-compose", "docker-compose.dcproj", "{5B4688F3-5339-4FA0-A1B4-E2C27F42F311}"
EndProject
Project("{9A19103F-16F7-4668-BE54-9A1E7A4F7556}") = "WebMVC", "WebMVC\WebMVC.csproj", "{073DCF06-9652-4F71-9DB5-14E9FAE0D751}"
EndProject
Project("{9A19103F-16F7-4668-BE54-9A1E7A4F7556}") = "TokenServiceApi", "TokenServiceApi\TokenServiceApi.csproj", "{669433AB-1C53-49F6-A8F5-81C7A5618F4E}"
EndProject
Project("{9A19103F-16F7-4668-BE54-9A1E7A4F7556}") = "CartApi", "CartApi\CartApi.csproj", "{781794F5-FCDB-4193-823E-4EFA6EA7221A}"
EndProject
Project("{FAE04EC0-301F-11D3-BF4B-00C04F79EFBC}") = "OrderApi", "OrderApi\OrderApi.csproj", "{A3EFAA5F-0443-44E1-9FC0-B68426A8A1C2}"
EndProject
Global
	GlobalSection(SolutionConfigurationPlatforms) = preSolution
		Debug|Any CPU = Debug|Any CPU
		Release|Any CPU = Release|Any CPU
	EndGlobalSection
	GlobalSection(ProjectConfigurationPlatforms) = postSolution
		{6741EEDF-3CC0-4E1E-90AD-E0E97FC1145A}.Debug|Any CPU.ActiveCfg = Debug|Any CPU
		{6741EEDF-3CC0-4E1E-90AD-E0E97FC1145A}.Debug|Any CPU.Build.0 = Debug|Any CPU
		{6741EEDF-3CC0-4E1E-90AD-E0E97FC1145A}.Release|Any CPU.ActiveCfg = Release|Any CPU
		{6741EEDF-3CC0-4E1E-90AD-E0E97FC1145A}.Release|Any CPU.Build.0 = Release|Any CPU
		{5B4688F3-5339-4FA0-A1B4-E2C27F42F311}.Debug|Any CPU.ActiveCfg = Debug|Any CPU
		{5B4688F3-5339-4FA0-A1B4-E2C27F42F311}.Debug|Any CPU.Build.0 = Debug|Any CPU
		{5B4688F3-5339-4FA0-A1B4-E2C27F42F311}.Release|Any CPU.ActiveCfg = Release|Any CPU
		{5B4688F3-5339-4FA0-A1B4-E2C27F42F311}.Release|Any CPU.Build.0 = Release|Any CPU
		{073DCF06-9652-4F71-9DB5-14E9FAE0D751}.Debug|Any CPU.ActiveCfg = Debug|Any CPU
		{073DCF06-9652-4F71-9DB5-14E9FAE0D751}.Debug|Any CPU.Build.0 = Debug|Any CPU
		{073DCF06-9652-4F71-9DB5-14E9FAE0D751}.Release|Any CPU.ActiveCfg = Release|Any CPU
		{073DCF06-9652-4F71-9DB5-14E9FAE0D751}.Release|Any CPU.Build.0 = Release|Any CPU
		{669433AB-1C53-49F6-A8F5-81C7A5618F4E}.Debug|Any CPU.ActiveCfg = Debug|Any CPU
		{669433AB-1C53-49F6-A8F5-81C7A5618F4E}.Debug|Any CPU.Build.0 = Debug|Any CPU
		{669433AB-1C53-49F6-A8F5-81C7A5618F4E}.Release|Any CPU.ActiveCfg = Release|Any CPU
		{669433AB-1C53-49F6-A8F5-81C7A5618F4E}.Release|Any CPU.Build.0 = Release|Any CPU
		{781794F5-FCDB-4193-823E-4EFA6EA7221A}.Debug|Any CPU.ActiveCfg = Debug|Any CPU
		{781794F5-FCDB-4193-823E-4EFA6EA7221A}.Debug|Any CPU.Build.0 = Debug|Any CPU
		{781794F5-FCDB-4193-823E-4EFA6EA7221A}.Release|Any CPU.ActiveCfg = Release|Any CPU
		{781794F5-FCDB-4193-823E-4EFA6EA7221A}.Release|Any CPU.Build.0 = Release|Any CPU
		{A3EFAA5F-0443-44E1-9FC0-B68426A8A1C2}.Debug|Any CPU.ActiveCfg = Debug|Any CPU
		{A3EFAA5F-0443-44E1-9FC0-B68426A8A1C2}.Debug|Any CPU.Build.0 = Debug|Any CPU
		{A3EFAA5F-0443-44E1-9FC0-B68426A8A1C2}.Release|Any CPU.ActiveCfg = Release|Any CPU
		{A3EFAA5F-0443-44E1-9FC0-B68426A8A1C2}.Release|Any CPU.Build.0 = Release|Any CPU
	EndGlobalSection
	GlobalSection(SolutionProperties) = preSolution
		HideSolutionNode = FALSE
	EndGlobalSection
	GlobalSection(NestedProjects) = preSolution
		{89E095F4-F60F-42FE-A5F7-86FBA9E169A1} = {E762E8DA-87FC-44EC-887D-D297EBA5442A}
		{05E5A80C-0529-4559-80DE-200D72934BCC} = {E762E8DA-87FC-44EC-887D-D297EBA5442A}
		{6741EEDF-3CC0-4E1E-90AD-E0E97FC1145A} = {89E095F4-F60F-42FE-A5F7-86FBA9E169A1}
		{073DCF06-9652-4F71-9DB5-14E9FAE0D751} = {05E5A80C-0529-4559-80DE-200D72934BCC}
		{669433AB-1C53-49F6-A8F5-81C7A5618F4E} = {89E095F4-F60F-42FE-A5F7-86FBA9E169A1}
		{781794F5-FCDB-4193-823E-4EFA6EA7221A} = {89E095F4-F60F-42FE-A5F7-86FBA9E169A1}
		{A3EFAA5F-0443-44E1-9FC0-B68426A8A1C2} = {89E095F4-F60F-42FE-A5F7-86FBA9E169A1}
	EndGlobalSection
	GlobalSection(ExtensibilityGlobals) = postSolution
		SolutionGuid = {95AC3337-EAB8-4EAE-BCE0-10413070DA17}
	EndGlobalSection
EndGlobal
